// !$*UTF8*$!
{
	archiveVersion = 1;
	classes = {
	};
	objectVersion = 46;
	objects = {

/* Begin PBXBuildFile section */
		2770A65F20120EA6006EF37E /* VideoToolbox.framework in Frameworks */ = {isa = PBXBuildFile; fileRef = 2770A65D20120E88006EF37E /* VideoToolbox.framework */; };
		3E91308822DD7824004BB868 /* SDKScheduleMeetingPresenter.m in Sources */ = {isa = PBXBuildFile; fileRef = 3E91304C22DD7823004BB868 /* SDKScheduleMeetingPresenter.m */; };
		3E91308922DD7824004BB868 /* SDKAuthPresenter+PremeetingDelegate.m in Sources */ = {isa = PBXBuildFile; fileRef = 3E91304D22DD7823004BB868 /* SDKAuthPresenter+PremeetingDelegate.m */; };
		3E91308A22DD7824004BB868 /* SDKMeetingSettingPresenter.m in Sources */ = {isa = PBXBuildFile; fileRef = 3E91305122DD7823004BB868 /* SDKMeetingSettingPresenter.m */; };
		3E91308B22DD7824004BB868 /* SDKStartJoinMeetingPresenter+VideoServiceDelegate.m in Sources */ = {isa = PBXBuildFile; fileRef = 3E91305522DD7823004BB868 /* SDKStartJoinMeetingPresenter+VideoServiceDelegate.m */; };
		3E91308C22DD7824004BB868 /* SDKStartJoinMeetingPresenter+WebinarServiceDelegate.m in Sources */ = {isa = PBXBuildFile; fileRef = 3E91305822DD7823004BB868 /* SDKStartJoinMeetingPresenter+WebinarServiceDelegate.m */; };
		3E91308D22DD7824004BB868 /* SDKStartJoinMeetingPresenter+MeetingServiceDelegate.m in Sources */ = {isa = PBXBuildFile; fileRef = 3E91305A22DD7823004BB868 /* SDKStartJoinMeetingPresenter+MeetingServiceDelegate.m */; };
		3E91308E22DD7824004BB868 /* SDKStartJoinMeetingPresenter+AudioServiceDelegate.m in Sources */ = {isa = PBXBuildFile; fileRef = 3E91305B22DD7823004BB868 /* SDKStartJoinMeetingPresenter+AudioServiceDelegate.m */; };
		3E91308F22DD7824004BB868 /* SDKStartJoinMeetingPresenter+CustomizedUIMeetingDelegate.m in Sources */ = {isa = PBXBuildFile; fileRef = 3E91305D22DD7823004BB868 /* SDKStartJoinMeetingPresenter+CustomizedUIMeetingDelegate.m */; };
		3E91309022DD7824004BB868 /* SDKStartJoinMeetingPresenter+ShareServiceDelegate.m in Sources */ = {isa = PBXBuildFile; fileRef = 3E91305E22DD7823004BB868 /* SDKStartJoinMeetingPresenter+ShareServiceDelegate.m */; };
		3E91309122DD7824004BB868 /* SDKStartJoinMeetingPresenter+UserServiceDelegate.m in Sources */ = {isa = PBXBuildFile; fileRef = 3E91306122DD7823004BB868 /* SDKStartJoinMeetingPresenter+UserServiceDelegate.m */; };
		3E91309222DD7824004BB868 /* SDKVideoPresenter.m in Sources */ = {isa = PBXBuildFile; fileRef = 3E91306522DD7823004BB868 /* SDKVideoPresenter.m */; };
		3E91309322DD7824004BB868 /* SDKActionPresenter.m in Sources */ = {isa = PBXBuildFile; fileRef = 3E91306922DD7823004BB868 /* SDKActionPresenter.m */; };
		3E91309422DD7824004BB868 /* SDKSharePresenter.m in Sources */ = {isa = PBXBuildFile; fileRef = 3E91306C22DD7823004BB868 /* SDKSharePresenter.m */; };
		3E91309522DD7824004BB868 /* SDKAudioPresenter.m in Sources */ = {isa = PBXBuildFile; fileRef = 3E91306F22DD7823004BB868 /* SDKAudioPresenter.m */; };
		3E91309622DD7824004BB868 /* SDKStartJoinMeetingPresenter.m in Sources */ = {isa = PBXBuildFile; fileRef = 3E91307122DD7823004BB868 /* SDKStartJoinMeetingPresenter.m */; };
		3E91309722DD7824004BB868 /* SDKStartJoinMeetingPresenter+RestApiWithoutLoginUser.m in Sources */ = {isa = PBXBuildFile; fileRef = 3E91307422DD7823004BB868 /* SDKStartJoinMeetingPresenter+RestApiWithoutLoginUser.m */; };
		3E91309822DD7824004BB868 /* SDKStartJoinMeetingPresenter+JoinMeetingOnly.m in Sources */ = {isa = PBXBuildFile; fileRef = 3E91307722DD7823004BB868 /* SDKStartJoinMeetingPresenter+JoinMeetingOnly.m */; };
		3E91309922DD7824004BB868 /* SDKStartJoinMeetingPresenter+LoginUser.m in Sources */ = {isa = PBXBuildFile; fileRef = 3E91307B22DD7823004BB868 /* SDKStartJoinMeetingPresenter+LoginUser.m */; };
		3E91309A22DD7824004BB868 /* SDKAuthPresenter+Login.m in Sources */ = {isa = PBXBuildFile; fileRef = 3E91307F22DD7823004BB868 /* SDKAuthPresenter+Login.m */; };
		3E91309B22DD7824004BB868 /* SDKAuthPresenter+AuthDelegate.m in Sources */ = {isa = PBXBuildFile; fileRef = 3E91308222DD7823004BB868 /* SDKAuthPresenter+AuthDelegate.m */; };
		3E91309C22DD7824004BB868 /* SDKAuthPresenter.m in Sources */ = {isa = PBXBuildFile; fileRef = 3E91308322DD7823004BB868 /* SDKAuthPresenter.m */; };
		3E91309D22DD7824004BB868 /* SDKInitPresenter.m in Sources */ = {isa = PBXBuildFile; fileRef = 3E91308622DD7823004BB868 /* SDKInitPresenter.m */; };
		3E9130F022DD7866004BB868 /* HorizontalTableView.m in Sources */ = {isa = PBXBuildFile; fileRef = 3E9130D122DD7866004BB868 /* HorizontalTableView.m */; };
		3E9130F122DD7866004BB868 /* CustomMeetingViewController.m in Sources */ = {isa = PBXBuildFile; fileRef = 3E9130D322DD7866004BB868 /* CustomMeetingViewController.m */; };
		3E9130F222DD7866004BB868 /* GalleryViewController.m in Sources */ = {isa = PBXBuildFile; fileRef = 3E9130D922DD7866004BB868 /* GalleryViewController.m */; };
		3E9130F322DD7866004BB868 /* ThumbWallViewCell.m in Sources */ = {isa = PBXBuildFile; fileRef = 3E9130DC22DD7866004BB868 /* ThumbWallViewCell.m */; };
		3E9130F422DD7866004BB868 /* CustomRemoteControl.m in Sources */ = {isa = PBXBuildFile; fileRef = 3E9130DD22DD7866004BB868 /* CustomRemoteControl.m */; };
		3E9130F522DD7866004BB868 /* VideoViewController.m in Sources */ = {isa = PBXBuildFile; fileRef = 3E9130E022DD7866004BB868 /* VideoViewController.m */; };
		3E9130F622DD7866004BB868 /* CustomMeetingViewController+MeetingDelegate.m in Sources */ = {isa = PBXBuildFile; fileRef = 3E9130E122DD7866004BB868 /* CustomMeetingViewController+MeetingDelegate.m */; };
		3E9130F722DD7866004BB868 /* BottomPanelView.m in Sources */ = {isa = PBXBuildFile; fileRef = 3E9130E222DD7866004BB868 /* BottomPanelView.m */; };
		3E9130F822DD7866004BB868 /* LocalShareViewController.m in Sources */ = {isa = PBXBuildFile; fileRef = 3E9130E322DD7866004BB868 /* LocalShareViewController.m */; };
		3E9130F922DD7866004BB868 /* ThumbTableViewCell.m in Sources */ = {isa = PBXBuildFile; fileRef = 3E9130E422DD7866004BB868 /* ThumbTableViewCell.m */; };
		3E9130FA22DD7866004BB868 /* ShrinkViewController.m in Sources */ = {isa = PBXBuildFile; fileRef = 3E9130E622DD7866004BB868 /* ShrinkViewController.m */; };
		3E9130FB22DD7866004BB868 /* WallViewController.m in Sources */ = {isa = PBXBuildFile; fileRef = 3E9130E822DD7866004BB868 /* WallViewController.m */; };
		3E9130FC22DD7866004BB868 /* TopPanelView.m in Sources */ = {isa = PBXBuildFile; fileRef = 3E9130EA22DD7866004BB868 /* TopPanelView.m */; };
		3E9130FD22DD7866004BB868 /* AnnoFloatBarView.m in Sources */ = {isa = PBXBuildFile; fileRef = 3E9130EC22DD7866004BB868 /* AnnoFloatBarView.m */; };
		3E9130FE22DD7866004BB868 /* ThumbView.m in Sources */ = {isa = PBXBuildFile; fileRef = 3E9130EE22DD7866004BB868 /* ThumbView.m */; };
		3E9130FF22DD7866004BB868 /* RemoteShareViewController.m in Sources */ = {isa = PBXBuildFile; fileRef = 3E9130EF22DD7866004BB868 /* RemoteShareViewController.m */; };
		3E91313D22DD8345004BB868 /* MainViewController.m in Sources */ = {isa = PBXBuildFile; fileRef = 3E91313C22DD8345004BB868 /* MainViewController.m */; };
		3E91314122DD8454004BB868 /* MainViewController+MeetingDelegate.m in Sources */ = {isa = PBXBuildFile; fileRef = 3E91314022DD8454004BB868 /* MainViewController+MeetingDelegate.m */; };
		3E91314422DD8769004BB868 /* AppDelegateRTC.m in Sources */ = {isa = PBXBuildFile; fileRef = 3E91314322DD8769004BB868 /* AppDelegateRTC.m */; };
		B3E7B58A1CC2AC0600A0062D /* RNMobileRTC.m in Sources */ = {isa = PBXBuildFile; fileRef = B3E7B5891CC2AC0600A0062D /* RNMobileRTC.m */; };
/* End PBXBuildFile section */

/* Begin PBXCopyFilesBuildPhase section */
		58B511D91A9E6C8500147676 /* CopyFiles */ = {
			isa = PBXCopyFilesBuildPhase;
			buildActionMask = 2147483647;
			dstPath = "include/$(PRODUCT_NAME)";
			dstSubfolderSpec = 16;
			files = (
			);
			runOnlyForDeploymentPostprocessing = 0;
		};
/* End PBXCopyFilesBuildPhase section */

/* Begin PBXFileReference section */
		134814201AA4EA6300B7C361 /* libRNMobileRTC.a */ = {isa = PBXFileReference; explicitFileType = archive.ar; includeInIndex = 0; path = libRNMobileRTC.a; sourceTree = BUILT_PRODUCTS_DIR; };
		2770A65D20120E88006EF37E /* VideoToolbox.framework */ = {isa = PBXFileReference; lastKnownFileType = wrapper.framework; name = VideoToolbox.framework; path = System/Library/Frameworks/VideoToolbox.framework; sourceTree = SDKROOT; };
		3E91304C22DD7823004BB868 /* SDKScheduleMeetingPresenter.m */ = {isa = PBXFileReference; fileEncoding = 4; lastKnownFileType = sourcecode.c.objc; path = SDKScheduleMeetingPresenter.m; sourceTree = "<group>"; };
		3E91304D22DD7823004BB868 /* SDKAuthPresenter+PremeetingDelegate.m */ = {isa = PBXFileReference; fileEncoding = 4; lastKnownFileType = sourcecode.c.objc; path = "SDKAuthPresenter+PremeetingDelegate.m"; sourceTree = "<group>"; };
		3E91304E22DD7823004BB868 /* SDKScheduleMeetingPresenter.h */ = {isa = PBXFileReference; fileEncoding = 4; lastKnownFileType = sourcecode.c.h; path = SDKScheduleMeetingPresenter.h; sourceTree = "<group>"; };
		3E91304F22DD7823004BB868 /* SDKAuthPresenter+PremeetingDelegate.h */ = {isa = PBXFileReference; fileEncoding = 4; lastKnownFileType = sourcecode.c.h; path = "SDKAuthPresenter+PremeetingDelegate.h"; sourceTree = "<group>"; };
		3E91305122DD7823004BB868 /* SDKMeetingSettingPresenter.m */ = {isa = PBXFileReference; fileEncoding = 4; lastKnownFileType = sourcecode.c.objc; path = SDKMeetingSettingPresenter.m; sourceTree = "<group>"; };
		3E91305222DD7823004BB868 /* SDKMeetingSettingPresenter.h */ = {isa = PBXFileReference; fileEncoding = 4; lastKnownFileType = sourcecode.c.h; path = SDKMeetingSettingPresenter.h; sourceTree = "<group>"; };
		3E91305522DD7823004BB868 /* SDKStartJoinMeetingPresenter+VideoServiceDelegate.m */ = {isa = PBXFileReference; fileEncoding = 4; lastKnownFileType = sourcecode.c.objc; path = "SDKStartJoinMeetingPresenter+VideoServiceDelegate.m"; sourceTree = "<group>"; };
		3E91305622DD7823004BB868 /* SDKStartJoinMeetingPresenter+ShareServiceDelegate.h */ = {isa = PBXFileReference; fileEncoding = 4; lastKnownFileType = sourcecode.c.h; path = "SDKStartJoinMeetingPresenter+ShareServiceDelegate.h"; sourceTree = "<group>"; };
		3E91305722DD7823004BB868 /* SDKStartJoinMeetingPresenter+CustomizedUIMeetingDelegate.h */ = {isa = PBXFileReference; fileEncoding = 4; lastKnownFileType = sourcecode.c.h; path = "SDKStartJoinMeetingPresenter+CustomizedUIMeetingDelegate.h"; sourceTree = "<group>"; };
		3E91305822DD7823004BB868 /* SDKStartJoinMeetingPresenter+WebinarServiceDelegate.m */ = {isa = PBXFileReference; fileEncoding = 4; lastKnownFileType = sourcecode.c.objc; path = "SDKStartJoinMeetingPresenter+WebinarServiceDelegate.m"; sourceTree = "<group>"; };
		3E91305922DD7823004BB868 /* SDKStartJoinMeetingPresenter+UserServiceDelegate.h */ = {isa = PBXFileReference; fileEncoding = 4; lastKnownFileType = sourcecode.c.h; path = "SDKStartJoinMeetingPresenter+UserServiceDelegate.h"; sourceTree = "<group>"; };
		3E91305A22DD7823004BB868 /* SDKStartJoinMeetingPresenter+MeetingServiceDelegate.m */ = {isa = PBXFileReference; fileEncoding = 4; lastKnownFileType = sourcecode.c.objc; path = "SDKStartJoinMeetingPresenter+MeetingServiceDelegate.m"; sourceTree = "<group>"; };
		3E91305B22DD7823004BB868 /* SDKStartJoinMeetingPresenter+AudioServiceDelegate.m */ = {isa = PBXFileReference; fileEncoding = 4; lastKnownFileType = sourcecode.c.objc; path = "SDKStartJoinMeetingPresenter+AudioServiceDelegate.m"; sourceTree = "<group>"; };
		3E91305C22DD7823004BB868 /* SDKStartJoinMeetingPresenter+VideoServiceDelegate.h */ = {isa = PBXFileReference; fileEncoding = 4; lastKnownFileType = sourcecode.c.h; path = "SDKStartJoinMeetingPresenter+VideoServiceDelegate.h"; sourceTree = "<group>"; };
		3E91305D22DD7823004BB868 /* SDKStartJoinMeetingPresenter+CustomizedUIMeetingDelegate.m */ = {isa = PBXFileReference; fileEncoding = 4; lastKnownFileType = sourcecode.c.objc; path = "SDKStartJoinMeetingPresenter+CustomizedUIMeetingDelegate.m"; sourceTree = "<group>"; };
		3E91305E22DD7823004BB868 /* SDKStartJoinMeetingPresenter+ShareServiceDelegate.m */ = {isa = PBXFileReference; fileEncoding = 4; lastKnownFileType = sourcecode.c.objc; path = "SDKStartJoinMeetingPresenter+ShareServiceDelegate.m"; sourceTree = "<group>"; };
		3E91305F22DD7823004BB868 /* SDKStartJoinMeetingPresenter+AudioServiceDelegate.h */ = {isa = PBXFileReference; fileEncoding = 4; lastKnownFileType = sourcecode.c.h; path = "SDKStartJoinMeetingPresenter+AudioServiceDelegate.h"; sourceTree = "<group>"; };
		3E91306022DD7823004BB868 /* SDKStartJoinMeetingPresenter+MeetingServiceDelegate.h */ = {isa = PBXFileReference; fileEncoding = 4; lastKnownFileType = sourcecode.c.h; path = "SDKStartJoinMeetingPresenter+MeetingServiceDelegate.h"; sourceTree = "<group>"; };
		3E91306122DD7823004BB868 /* SDKStartJoinMeetingPresenter+UserServiceDelegate.m */ = {isa = PBXFileReference; fileEncoding = 4; lastKnownFileType = sourcecode.c.objc; path = "SDKStartJoinMeetingPresenter+UserServiceDelegate.m"; sourceTree = "<group>"; };
		3E91306222DD7823004BB868 /* SDKStartJoinMeetingPresenter+WebinarServiceDelegate.h */ = {isa = PBXFileReference; fileEncoding = 4; lastKnownFileType = sourcecode.c.h; path = "SDKStartJoinMeetingPresenter+WebinarServiceDelegate.h"; sourceTree = "<group>"; };
		3E91306522DD7823004BB868 /* SDKVideoPresenter.m */ = {isa = PBXFileReference; fileEncoding = 4; lastKnownFileType = sourcecode.c.objc; path = SDKVideoPresenter.m; sourceTree = "<group>"; };
		3E91306622DD7823004BB868 /* SDKVideoPresenter.h */ = {isa = PBXFileReference; fileEncoding = 4; lastKnownFileType = sourcecode.c.h; path = SDKVideoPresenter.h; sourceTree = "<group>"; };
		3E91306822DD7823004BB868 /* SDKActionPresenter.h */ = {isa = PBXFileReference; fileEncoding = 4; lastKnownFileType = sourcecode.c.h; path = SDKActionPresenter.h; sourceTree = "<group>"; };
		3E91306922DD7823004BB868 /* SDKActionPresenter.m */ = {isa = PBXFileReference; fileEncoding = 4; lastKnownFileType = sourcecode.c.objc; path = SDKActionPresenter.m; sourceTree = "<group>"; };
		3E91306B22DD7823004BB868 /* SDKSharePresenter.h */ = {isa = PBXFileReference; fileEncoding = 4; lastKnownFileType = sourcecode.c.h; path = SDKSharePresenter.h; sourceTree = "<group>"; };
		3E91306C22DD7823004BB868 /* SDKSharePresenter.m */ = {isa = PBXFileReference; fileEncoding = 4; lastKnownFileType = sourcecode.c.objc; path = SDKSharePresenter.m; sourceTree = "<group>"; };
		3E91306E22DD7823004BB868 /* SDKAudioPresenter.h */ = {isa = PBXFileReference; fileEncoding = 4; lastKnownFileType = sourcecode.c.h; path = SDKAudioPresenter.h; sourceTree = "<group>"; };
		3E91306F22DD7823004BB868 /* SDKAudioPresenter.m */ = {isa = PBXFileReference; fileEncoding = 4; lastKnownFileType = sourcecode.c.objc; path = SDKAudioPresenter.m; sourceTree = "<group>"; };
		3E91307122DD7823004BB868 /* SDKStartJoinMeetingPresenter.m */ = {isa = PBXFileReference; fileEncoding = 4; lastKnownFileType = sourcecode.c.objc; path = SDKStartJoinMeetingPresenter.m; sourceTree = "<group>"; };
		3E91307322DD7823004BB868 /* SDKStartJoinMeetingPresenter+RestApiWithoutLoginUser.h */ = {isa = PBXFileReference; fileEncoding = 4; lastKnownFileType = sourcecode.c.h; path = "SDKStartJoinMeetingPresenter+RestApiWithoutLoginUser.h"; sourceTree = "<group>"; };
		3E91307422DD7823004BB868 /* SDKStartJoinMeetingPresenter+RestApiWithoutLoginUser.m */ = {isa = PBXFileReference; fileEncoding = 4; lastKnownFileType = sourcecode.c.objc; path = "SDKStartJoinMeetingPresenter+RestApiWithoutLoginUser.m"; sourceTree = "<group>"; };
		3E91307622DD7823004BB868 /* SDKStartJoinMeetingPresenter+JoinMeetingOnly.h */ = {isa = PBXFileReference; fileEncoding = 4; lastKnownFileType = sourcecode.c.h; path = "SDKStartJoinMeetingPresenter+JoinMeetingOnly.h"; sourceTree = "<group>"; };
		3E91307722DD7823004BB868 /* SDKStartJoinMeetingPresenter+JoinMeetingOnly.m */ = {isa = PBXFileReference; fileEncoding = 4; lastKnownFileType = sourcecode.c.objc; path = "SDKStartJoinMeetingPresenter+JoinMeetingOnly.m"; sourceTree = "<group>"; };
		3E91307822DD7823004BB868 /* SDKStartJoinMeetingPresenter.h */ = {isa = PBXFileReference; fileEncoding = 4; lastKnownFileType = sourcecode.c.h; path = SDKStartJoinMeetingPresenter.h; sourceTree = "<group>"; };
		3E91307A22DD7823004BB868 /* SDKStartJoinMeetingPresenter+LoginUser.h */ = {isa = PBXFileReference; fileEncoding = 4; lastKnownFileType = sourcecode.c.h; path = "SDKStartJoinMeetingPresenter+LoginUser.h"; sourceTree = "<group>"; };
		3E91307B22DD7823004BB868 /* SDKStartJoinMeetingPresenter+LoginUser.m */ = {isa = PBXFileReference; fileEncoding = 4; lastKnownFileType = sourcecode.c.objc; path = "SDKStartJoinMeetingPresenter+LoginUser.m"; sourceTree = "<group>"; };
		3E91307E22DD7823004BB868 /* SDKAuthPresenter+Login.h */ = {isa = PBXFileReference; fileEncoding = 4; lastKnownFileType = sourcecode.c.h; path = "SDKAuthPresenter+Login.h"; sourceTree = "<group>"; };
		3E91307F22DD7823004BB868 /* SDKAuthPresenter+Login.m */ = {isa = PBXFileReference; fileEncoding = 4; lastKnownFileType = sourcecode.c.objc; path = "SDKAuthPresenter+Login.m"; sourceTree = "<group>"; };
		3E91308122DD7823004BB868 /* SDKAuthPresenter.h */ = {isa = PBXFileReference; fileEncoding = 4; lastKnownFileType = sourcecode.c.h; path = SDKAuthPresenter.h; sourceTree = "<group>"; };
		3E91308222DD7823004BB868 /* SDKAuthPresenter+AuthDelegate.m */ = {isa = PBXFileReference; fileEncoding = 4; lastKnownFileType = sourcecode.c.objc; path = "SDKAuthPresenter+AuthDelegate.m"; sourceTree = "<group>"; };
		3E91308322DD7823004BB868 /* SDKAuthPresenter.m */ = {isa = PBXFileReference; fileEncoding = 4; lastKnownFileType = sourcecode.c.objc; path = SDKAuthPresenter.m; sourceTree = "<group>"; };
		3E91308422DD7823004BB868 /* SDKAuthPresenter+AuthDelegate.h */ = {isa = PBXFileReference; fileEncoding = 4; lastKnownFileType = sourcecode.c.h; path = "SDKAuthPresenter+AuthDelegate.h"; sourceTree = "<group>"; };
		3E91308622DD7823004BB868 /* SDKInitPresenter.m */ = {isa = PBXFileReference; fileEncoding = 4; lastKnownFileType = sourcecode.c.objc; path = SDKInitPresenter.m; sourceTree = "<group>"; };
		3E91308722DD7823004BB868 /* SDKInitPresenter.h */ = {isa = PBXFileReference; fileEncoding = 4; lastKnownFileType = sourcecode.c.h; path = SDKInitPresenter.h; sourceTree = "<group>"; };
		3E9130D022DD7866004BB868 /* VideoViewController.h */ = {isa = PBXFileReference; fileEncoding = 4; lastKnownFileType = sourcecode.c.h; path = VideoViewController.h; sourceTree = "<group>"; };
		3E9130D122DD7866004BB868 /* HorizontalTableView.m */ = {isa = PBXFileReference; fileEncoding = 4; lastKnownFileType = sourcecode.c.objc; path = HorizontalTableView.m; sourceTree = "<group>"; };
		3E9130D222DD7866004BB868 /* ShrinkViewController.h */ = {isa = PBXFileReference; fileEncoding = 4; lastKnownFileType = sourcecode.c.h; path = ShrinkViewController.h; sourceTree = "<group>"; };
		3E9130D322DD7866004BB868 /* CustomMeetingViewController.m */ = {isa = PBXFileReference; fileEncoding = 4; lastKnownFileType = sourcecode.c.objc; path = CustomMeetingViewController.m; sourceTree = "<group>"; };
		3E9130D422DD7866004BB868 /* ThumbTableViewCell.h */ = {isa = PBXFileReference; fileEncoding = 4; lastKnownFileType = sourcecode.c.h; path = ThumbTableViewCell.h; sourceTree = "<group>"; };
		3E9130D522DD7866004BB868 /* LocalShareViewController.h */ = {isa = PBXFileReference; fileEncoding = 4; lastKnownFileType = sourcecode.c.h; path = LocalShareViewController.h; sourceTree = "<group>"; };
		3E9130D622DD7866004BB868 /* BottomPanelView.h */ = {isa = PBXFileReference; fileEncoding = 4; lastKnownFileType = sourcecode.c.h; path = BottomPanelView.h; sourceTree = "<group>"; };
		3E9130D722DD7866004BB868 /* CustomMeetingViewController+MeetingDelegate.h */ = {isa = PBXFileReference; fileEncoding = 4; lastKnownFileType = sourcecode.c.h; path = "CustomMeetingViewController+MeetingDelegate.h"; sourceTree = "<group>"; };
		3E9130D822DD7866004BB868 /* ThumbView.h */ = {isa = PBXFileReference; fileEncoding = 4; lastKnownFileType = sourcecode.c.h; path = ThumbView.h; sourceTree = "<group>"; };
		3E9130D922DD7866004BB868 /* GalleryViewController.m */ = {isa = PBXFileReference; fileEncoding = 4; lastKnownFileType = sourcecode.c.objc; path = GalleryViewController.m; sourceTree = "<group>"; };
		3E9130DA22DD7866004BB868 /* AnnoFloatBarView.h */ = {isa = PBXFileReference; fileEncoding = 4; lastKnownFileType = sourcecode.c.h; path = AnnoFloatBarView.h; sourceTree = "<group>"; };
		3E9130DB22DD7866004BB868 /* TopPanelView.h */ = {isa = PBXFileReference; fileEncoding = 4; lastKnownFileType = sourcecode.c.h; path = TopPanelView.h; sourceTree = "<group>"; };
		3E9130DC22DD7866004BB868 /* ThumbWallViewCell.m */ = {isa = PBXFileReference; fileEncoding = 4; lastKnownFileType = sourcecode.c.objc; path = ThumbWallViewCell.m; sourceTree = "<group>"; };
		3E9130DD22DD7866004BB868 /* CustomRemoteControl.m */ = {isa = PBXFileReference; fileEncoding = 4; lastKnownFileType = sourcecode.c.objc; path = CustomRemoteControl.m; sourceTree = "<group>"; };
		3E9130DE22DD7866004BB868 /* WallViewController.h */ = {isa = PBXFileReference; fileEncoding = 4; lastKnownFileType = sourcecode.c.h; path = WallViewController.h; sourceTree = "<group>"; };
		3E9130DF22DD7866004BB868 /* RemoteShareViewController.h */ = {isa = PBXFileReference; fileEncoding = 4; lastKnownFileType = sourcecode.c.h; path = RemoteShareViewController.h; sourceTree = "<group>"; };
		3E9130E022DD7866004BB868 /* VideoViewController.m */ = {isa = PBXFileReference; fileEncoding = 4; lastKnownFileType = sourcecode.c.objc; path = VideoViewController.m; sourceTree = "<group>"; };
		3E9130E122DD7866004BB868 /* CustomMeetingViewController+MeetingDelegate.m */ = {isa = PBXFileReference; fileEncoding = 4; lastKnownFileType = sourcecode.c.objc; path = "CustomMeetingViewController+MeetingDelegate.m"; sourceTree = "<group>"; };
		3E9130E222DD7866004BB868 /* BottomPanelView.m */ = {isa = PBXFileReference; fileEncoding = 4; lastKnownFileType = sourcecode.c.objc; path = BottomPanelView.m; sourceTree = "<group>"; };
		3E9130E322DD7866004BB868 /* LocalShareViewController.m */ = {isa = PBXFileReference; fileEncoding = 4; lastKnownFileType = sourcecode.c.objc; path = LocalShareViewController.m; sourceTree = "<group>"; };
		3E9130E422DD7866004BB868 /* ThumbTableViewCell.m */ = {isa = PBXFileReference; fileEncoding = 4; lastKnownFileType = sourcecode.c.objc; path = ThumbTableViewCell.m; sourceTree = "<group>"; };
		3E9130E522DD7866004BB868 /* CustomMeetingViewController.h */ = {isa = PBXFileReference; fileEncoding = 4; lastKnownFileType = sourcecode.c.h; path = CustomMeetingViewController.h; sourceTree = "<group>"; };
		3E9130E622DD7866004BB868 /* ShrinkViewController.m */ = {isa = PBXFileReference; fileEncoding = 4; lastKnownFileType = sourcecode.c.objc; path = ShrinkViewController.m; sourceTree = "<group>"; };
		3E9130E722DD7866004BB868 /* HorizontalTableView.h */ = {isa = PBXFileReference; fileEncoding = 4; lastKnownFileType = sourcecode.c.h; path = HorizontalTableView.h; sourceTree = "<group>"; };
		3E9130E822DD7866004BB868 /* WallViewController.m */ = {isa = PBXFileReference; fileEncoding = 4; lastKnownFileType = sourcecode.c.objc; path = WallViewController.m; sourceTree = "<group>"; };
		3E9130E922DD7866004BB868 /* CustomRemoteControl.h */ = {isa = PBXFileReference; fileEncoding = 4; lastKnownFileType = sourcecode.c.h; path = CustomRemoteControl.h; sourceTree = "<group>"; };
		3E9130EA22DD7866004BB868 /* TopPanelView.m */ = {isa = PBXFileReference; fileEncoding = 4; lastKnownFileType = sourcecode.c.objc; path = TopPanelView.m; sourceTree = "<group>"; };
		3E9130EB22DD7866004BB868 /* ThumbWallViewCell.h */ = {isa = PBXFileReference; fileEncoding = 4; lastKnownFileType = sourcecode.c.h; path = ThumbWallViewCell.h; sourceTree = "<group>"; };
		3E9130EC22DD7866004BB868 /* AnnoFloatBarView.m */ = {isa = PBXFileReference; fileEncoding = 4; lastKnownFileType = sourcecode.c.objc; path = AnnoFloatBarView.m; sourceTree = "<group>"; };
		3E9130ED22DD7866004BB868 /* GalleryViewController.h */ = {isa = PBXFileReference; fileEncoding = 4; lastKnownFileType = sourcecode.c.h; path = GalleryViewController.h; sourceTree = "<group>"; };
		3E9130EE22DD7866004BB868 /* ThumbView.m */ = {isa = PBXFileReference; fileEncoding = 4; lastKnownFileType = sourcecode.c.objc; path = ThumbView.m; sourceTree = "<group>"; };
		3E9130EF22DD7866004BB868 /* RemoteShareViewController.m */ = {isa = PBXFileReference; fileEncoding = 4; lastKnownFileType = sourcecode.c.objc; path = RemoteShareViewController.m; sourceTree = "<group>"; };
		3E91310022DD7A6C004BB868 /* RNMobileRTC-Prefix.pch */ = {isa = PBXFileReference; lastKnownFileType = sourcecode.c.h; path = "RNMobileRTC-Prefix.pch"; sourceTree = "<group>"; };
		3E91313C22DD8345004BB868 /* MainViewController.m */ = {isa = PBXFileReference; lastKnownFileType = sourcecode.c.objc; path = MainViewController.m; sourceTree = "<group>"; };
		3E91313E22DD8371004BB868 /* MainViewController.h */ = {isa = PBXFileReference; lastKnownFileType = sourcecode.c.h; path = MainViewController.h; sourceTree = "<group>"; };
		3E91313F22DD8425004BB868 /* MainViewController+MeetingDelegate.h */ = {isa = PBXFileReference; lastKnownFileType = sourcecode.c.h; path = "MainViewController+MeetingDelegate.h"; sourceTree = "<group>"; };
		3E91314022DD8454004BB868 /* MainViewController+MeetingDelegate.m */ = {isa = PBXFileReference; lastKnownFileType = sourcecode.c.objc; path = "MainViewController+MeetingDelegate.m"; sourceTree = "<group>"; };
		3E91314222DD8752004BB868 /* AppDelegateRTC.h */ = {isa = PBXFileReference; lastKnownFileType = sourcecode.c.h; path = AppDelegateRTC.h; sourceTree = "<group>"; };
		3E91314322DD8769004BB868 /* AppDelegateRTC.m */ = {isa = PBXFileReference; lastKnownFileType = sourcecode.c.objc; path = AppDelegateRTC.m; sourceTree = "<group>"; };
		B3E7B5881CC2AC0600A0062D /* RNMobileRTC.h */ = {isa = PBXFileReference; fileEncoding = 4; lastKnownFileType = sourcecode.c.h; path = RNMobileRTC.h; sourceTree = "<group>"; };
		B3E7B5891CC2AC0600A0062D /* RNMobileRTC.m */ = {isa = PBXFileReference; fileEncoding = 4; lastKnownFileType = sourcecode.c.objc; path = RNMobileRTC.m; sourceTree = "<group>"; };
/* End PBXFileReference section */

/* Begin PBXFrameworksBuildPhase section */
		58B511D81A9E6C8500147676 /* Frameworks */ = {
			isa = PBXFrameworksBuildPhase;
			buildActionMask = 2147483647;
			files = (
				2770A65F20120EA6006EF37E /* VideoToolbox.framework in Frameworks */,
			);
			runOnlyForDeploymentPostprocessing = 0;
		};
/* End PBXFrameworksBuildPhase section */

/* Begin PBXGroup section */
		134814211AA4EA7D00B7C361 /* Products */ = {
			isa = PBXGroup;
			children = (
				134814201AA4EA6300B7C361 /* libRNMobileRTC.a */,
			);
			name = Products;
			sourceTree = "<group>";
		};
		2770A65320120A45006EF37E /* Frameworks */ = {
			isa = PBXGroup;
			children = (
				2770A65D20120E88006EF37E /* VideoToolbox.framework */,
			);
			path = Frameworks;
			sourceTree = "<group>";
		};
		3E91304922DD7823004BB868 /* SDKPresenters */ = {
			isa = PBXGroup;
			children = (
				3E91304A22DD7823004BB868 /* other_features */,
				3E91305322DD7823004BB868 /* how_to_use_inmeeting_function */,
				3E91307022DD7823004BB868 /* how_to_start_join_meeting */,
				3E91307C22DD7823004BB868 /* how_to_init_auth_sdk */,
			);
			path = SDKPresenters;
			sourceTree = "<group>";
		};
		3E91304A22DD7823004BB868 /* other_features */ = {
			isa = PBXGroup;
			children = (
				3E91304B22DD7823004BB868 /* schedule_meeting_for_login_user */,
				3E91305022DD7823004BB868 /* how_to_settings */,
			);
			path = other_features;
			sourceTree = "<group>";
		};
		3E91304B22DD7823004BB868 /* schedule_meeting_for_login_user */ = {
			isa = PBXGroup;
			children = (
				3E91304C22DD7823004BB868 /* SDKScheduleMeetingPresenter.m */,
				3E91304D22DD7823004BB868 /* SDKAuthPresenter+PremeetingDelegate.m */,
				3E91304E22DD7823004BB868 /* SDKScheduleMeetingPresenter.h */,
				3E91304F22DD7823004BB868 /* SDKAuthPresenter+PremeetingDelegate.h */,
			);
			path = schedule_meeting_for_login_user;
			sourceTree = "<group>";
		};
		3E91305022DD7823004BB868 /* how_to_settings */ = {
			isa = PBXGroup;
			children = (
				3E91305122DD7823004BB868 /* SDKMeetingSettingPresenter.m */,
				3E91305222DD7823004BB868 /* SDKMeetingSettingPresenter.h */,
			);
			path = how_to_settings;
			sourceTree = "<group>";
		};
		3E91305322DD7823004BB868 /* how_to_use_inmeeting_function */ = {
			isa = PBXGroup;
			children = (
				3E91305422DD7823004BB868 /* meeting_callback */,
				3E91306322DD7823004BB868 /* how_to_use_customized_inmeeting_ui */,
			);
			path = how_to_use_inmeeting_function;
			sourceTree = "<group>";
		};
		3E91305422DD7823004BB868 /* meeting_callback */ = {
			isa = PBXGroup;
			children = (
				3E91305522DD7823004BB868 /* SDKStartJoinMeetingPresenter+VideoServiceDelegate.m */,
				3E91305622DD7823004BB868 /* SDKStartJoinMeetingPresenter+ShareServiceDelegate.h */,
				3E91305722DD7823004BB868 /* SDKStartJoinMeetingPresenter+CustomizedUIMeetingDelegate.h */,
				3E91305822DD7823004BB868 /* SDKStartJoinMeetingPresenter+WebinarServiceDelegate.m */,
				3E91305922DD7823004BB868 /* SDKStartJoinMeetingPresenter+UserServiceDelegate.h */,
				3E91305A22DD7823004BB868 /* SDKStartJoinMeetingPresenter+MeetingServiceDelegate.m */,
				3E91305B22DD7823004BB868 /* SDKStartJoinMeetingPresenter+AudioServiceDelegate.m */,
				3E91305C22DD7823004BB868 /* SDKStartJoinMeetingPresenter+VideoServiceDelegate.h */,
				3E91305D22DD7823004BB868 /* SDKStartJoinMeetingPresenter+CustomizedUIMeetingDelegate.m */,
				3E91305E22DD7823004BB868 /* SDKStartJoinMeetingPresenter+ShareServiceDelegate.m */,
				3E91305F22DD7823004BB868 /* SDKStartJoinMeetingPresenter+AudioServiceDelegate.h */,
				3E91306022DD7823004BB868 /* SDKStartJoinMeetingPresenter+MeetingServiceDelegate.h */,
				3E91306122DD7823004BB868 /* SDKStartJoinMeetingPresenter+UserServiceDelegate.m */,
				3E91306222DD7823004BB868 /* SDKStartJoinMeetingPresenter+WebinarServiceDelegate.h */,
			);
			path = meeting_callback;
			sourceTree = "<group>";
		};
		3E91306322DD7823004BB868 /* how_to_use_customized_inmeeting_ui */ = {
			isa = PBXGroup;
			children = (
				3E91306422DD7823004BB868 /* how_to_use_customized_video */,
				3E91306722DD7823004BB868 /* how_to_use_inmeeting_actions */,
				3E91306A22DD7823004BB868 /* how_to_use_customized_share */,
				3E91306D22DD7823004BB868 /* how_to_use_customized_audio */,
			);
			path = how_to_use_customized_inmeeting_ui;
			sourceTree = "<group>";
		};
		3E91306422DD7823004BB868 /* how_to_use_customized_video */ = {
			isa = PBXGroup;
			children = (
				3E91306522DD7823004BB868 /* SDKVideoPresenter.m */,
				3E91306622DD7823004BB868 /* SDKVideoPresenter.h */,
			);
			path = how_to_use_customized_video;
			sourceTree = "<group>";
		};
		3E91306722DD7823004BB868 /* how_to_use_inmeeting_actions */ = {
			isa = PBXGroup;
			children = (
				3E91306822DD7823004BB868 /* SDKActionPresenter.h */,
				3E91306922DD7823004BB868 /* SDKActionPresenter.m */,
			);
			path = how_to_use_inmeeting_actions;
			sourceTree = "<group>";
		};
		3E91306A22DD7823004BB868 /* how_to_use_customized_share */ = {
			isa = PBXGroup;
			children = (
				3E91306B22DD7823004BB868 /* SDKSharePresenter.h */,
				3E91306C22DD7823004BB868 /* SDKSharePresenter.m */,
			);
			path = how_to_use_customized_share;
			sourceTree = "<group>";
		};
		3E91306D22DD7823004BB868 /* how_to_use_customized_audio */ = {
			isa = PBXGroup;
			children = (
				3E91306E22DD7823004BB868 /* SDKAudioPresenter.h */,
				3E91306F22DD7823004BB868 /* SDKAudioPresenter.m */,
			);
			path = how_to_use_customized_audio;
			sourceTree = "<group>";
		};
		3E91307022DD7823004BB868 /* how_to_start_join_meeting */ = {
			isa = PBXGroup;
			children = (
				3E91307122DD7823004BB868 /* SDKStartJoinMeetingPresenter.m */,
				3E91307222DD7823004BB868 /* start_with_rest_api_user */,
				3E91307522DD7823004BB868 /* join_meeting */,
				3E91307822DD7823004BB868 /* SDKStartJoinMeetingPresenter.h */,
				3E91307922DD7823004BB868 /* start_with_login_user */,
			);
			path = how_to_start_join_meeting;
			sourceTree = "<group>";
		};
		3E91307222DD7823004BB868 /* start_with_rest_api_user */ = {
			isa = PBXGroup;
			children = (
				3E91307322DD7823004BB868 /* SDKStartJoinMeetingPresenter+RestApiWithoutLoginUser.h */,
				3E91307422DD7823004BB868 /* SDKStartJoinMeetingPresenter+RestApiWithoutLoginUser.m */,
			);
			path = start_with_rest_api_user;
			sourceTree = "<group>";
		};
		3E91307522DD7823004BB868 /* join_meeting */ = {
			isa = PBXGroup;
			children = (
				3E91307622DD7823004BB868 /* SDKStartJoinMeetingPresenter+JoinMeetingOnly.h */,
				3E91307722DD7823004BB868 /* SDKStartJoinMeetingPresenter+JoinMeetingOnly.m */,
			);
			path = join_meeting;
			sourceTree = "<group>";
		};
		3E91307922DD7823004BB868 /* start_with_login_user */ = {
			isa = PBXGroup;
			children = (
				3E91307A22DD7823004BB868 /* SDKStartJoinMeetingPresenter+LoginUser.h */,
				3E91307B22DD7823004BB868 /* SDKStartJoinMeetingPresenter+LoginUser.m */,
			);
			path = start_with_login_user;
			sourceTree = "<group>";
		};
		3E91307C22DD7823004BB868 /* how_to_init_auth_sdk */ = {
			isa = PBXGroup;
			children = (
				3E91307D22DD7823004BB868 /* how_to_login_sdk */,
				3E91308022DD7823004BB868 /* how_to_auth_sdk */,
				3E91308522DD7823004BB868 /* how_to_init_sdk */,
			);
			path = how_to_init_auth_sdk;
			sourceTree = "<group>";
		};
		3E91307D22DD7823004BB868 /* how_to_login_sdk */ = {
			isa = PBXGroup;
			children = (
				3E91307E22DD7823004BB868 /* SDKAuthPresenter+Login.h */,
				3E91307F22DD7823004BB868 /* SDKAuthPresenter+Login.m */,
			);
			path = how_to_login_sdk;
			sourceTree = "<group>";
		};
		3E91308022DD7823004BB868 /* how_to_auth_sdk */ = {
			isa = PBXGroup;
			children = (
				3E91308122DD7823004BB868 /* SDKAuthPresenter.h */,
				3E91308222DD7823004BB868 /* SDKAuthPresenter+AuthDelegate.m */,
				3E91308322DD7823004BB868 /* SDKAuthPresenter.m */,
				3E91308422DD7823004BB868 /* SDKAuthPresenter+AuthDelegate.h */,
			);
			path = how_to_auth_sdk;
			sourceTree = "<group>";
		};
		3E91308522DD7823004BB868 /* how_to_init_sdk */ = {
			isa = PBXGroup;
			children = (
				3E91308622DD7823004BB868 /* SDKInitPresenter.m */,
				3E91308722DD7823004BB868 /* SDKInitPresenter.h */,
			);
			path = how_to_init_sdk;
			sourceTree = "<group>";
		};
		3E9130CF22DD7866004BB868 /* CustomMeeting */ = {
			isa = PBXGroup;
			children = (
				3E9130D022DD7866004BB868 /* VideoViewController.h */,
				3E9130D122DD7866004BB868 /* HorizontalTableView.m */,
				3E9130D222DD7866004BB868 /* ShrinkViewController.h */,
				3E9130D322DD7866004BB868 /* CustomMeetingViewController.m */,
				3E9130D422DD7866004BB868 /* ThumbTableViewCell.h */,
				3E9130D522DD7866004BB868 /* LocalShareViewController.h */,
				3E9130D622DD7866004BB868 /* BottomPanelView.h */,
				3E9130D722DD7866004BB868 /* CustomMeetingViewController+MeetingDelegate.h */,
				3E9130D822DD7866004BB868 /* ThumbView.h */,
				3E9130D922DD7866004BB868 /* GalleryViewController.m */,
				3E9130DA22DD7866004BB868 /* AnnoFloatBarView.h */,
				3E9130DB22DD7866004BB868 /* TopPanelView.h */,
				3E9130DC22DD7866004BB868 /* ThumbWallViewCell.m */,
				3E9130DD22DD7866004BB868 /* CustomRemoteControl.m */,
				3E9130DE22DD7866004BB868 /* WallViewController.h */,
				3E9130DF22DD7866004BB868 /* RemoteShareViewController.h */,
				3E9130E022DD7866004BB868 /* VideoViewController.m */,
				3E9130E122DD7866004BB868 /* CustomMeetingViewController+MeetingDelegate.m */,
				3E9130E222DD7866004BB868 /* BottomPanelView.m */,
				3E9130E322DD7866004BB868 /* LocalShareViewController.m */,
				3E9130E422DD7866004BB868 /* ThumbTableViewCell.m */,
				3E9130E522DD7866004BB868 /* CustomMeetingViewController.h */,
				3E9130E622DD7866004BB868 /* ShrinkViewController.m */,
				3E9130E722DD7866004BB868 /* HorizontalTableView.h */,
				3E9130E822DD7866004BB868 /* WallViewController.m */,
				3E9130E922DD7866004BB868 /* CustomRemoteControl.h */,
				3E9130EA22DD7866004BB868 /* TopPanelView.m */,
				3E9130EB22DD7866004BB868 /* ThumbWallViewCell.h */,
				3E9130EC22DD7866004BB868 /* AnnoFloatBarView.m */,
				3E9130ED22DD7866004BB868 /* GalleryViewController.h */,
				3E9130EE22DD7866004BB868 /* ThumbView.m */,
				3E9130EF22DD7866004BB868 /* RemoteShareViewController.m */,
			);
			path = CustomMeeting;
			sourceTree = "<group>";
		};
		58B511D21A9E6C8500147676 = {
			isa = PBXGroup;
			children = (
				3E91314322DD8769004BB868 /* AppDelegateRTC.m */,
				3E91314222DD8752004BB868 /* AppDelegateRTC.h */,
				3E91314022DD8454004BB868 /* MainViewController+MeetingDelegate.m */,
				3E91313F22DD8425004BB868 /* MainViewController+MeetingDelegate.h */,
				3E91313E22DD8371004BB868 /* MainViewController.h */,
				3E91313C22DD8345004BB868 /* MainViewController.m */,
				3E91310022DD7A6C004BB868 /* RNMobileRTC-Prefix.pch */,
				3E9130CF22DD7866004BB868 /* CustomMeeting */,
				3E91304922DD7823004BB868 /* SDKPresenters */,
				2770A65320120A45006EF37E /* Frameworks */,
				B3E7B5881CC2AC0600A0062D /* RNMobileRTC.h */,
				B3E7B5891CC2AC0600A0062D /* RNMobileRTC.m */,
				134814211AA4EA7D00B7C361 /* Products */,
			);
			sourceTree = "<group>";
		};
/* End PBXGroup section */

/* Begin PBXNativeTarget section */
		58B511DA1A9E6C8500147676 /* RNMobileRTC */ = {
			isa = PBXNativeTarget;
			buildConfigurationList = 58B511EF1A9E6C8500147676 /* Build configuration list for PBXNativeTarget "RNMobileRTC" */;
			buildPhases = (
				58B511D71A9E6C8500147676 /* Sources */,
				58B511D81A9E6C8500147676 /* Frameworks */,
				58B511D91A9E6C8500147676 /* CopyFiles */,
				2770A66120120EBD006EF37E /* Resources */,
			);
			buildRules = (
			);
			dependencies = (
			);
			name = RNMobileRTC;
			productName = RCTDataManager;
			productReference = 134814201AA4EA6300B7C361 /* libRNMobileRTC.a */;
			productType = "com.apple.product-type.library.static";
		};
/* End PBXNativeTarget section */

/* Begin PBXProject section */
		58B511D31A9E6C8500147676 /* Project object */ = {
			isa = PBXProject;
			attributes = {
				LastUpgradeCheck = 0830;
				ORGANIZATIONNAME = Facebook;
				TargetAttributes = {
					58B511DA1A9E6C8500147676 = {
						CreatedOnToolsVersion = 6.1.1;
					};
				};
			};
			buildConfigurationList = 58B511D61A9E6C8500147676 /* Build configuration list for PBXProject "RNMobileRTC" */;
			compatibilityVersion = "Xcode 3.2";
			developmentRegion = English;
			hasScannedForEncodings = 0;
			knownRegions = (
				English,
				en,
			);
			mainGroup = 58B511D21A9E6C8500147676;
			productRefGroup = 58B511D21A9E6C8500147676;
			projectDirPath = "";
			projectRoot = "";
			targets = (
				58B511DA1A9E6C8500147676 /* RNMobileRTC */,
			);
		};
/* End PBXProject section */

/* Begin PBXResourcesBuildPhase section */
		2770A66120120EBD006EF37E /* Resources */ = {
			isa = PBXResourcesBuildPhase;
			buildActionMask = 2147483647;
			files = (
			);
			runOnlyForDeploymentPostprocessing = 0;
		};
/* End PBXResourcesBuildPhase section */

/* Begin PBXSourcesBuildPhase section */
		58B511D71A9E6C8500147676 /* Sources */ = {
			isa = PBXSourcesBuildPhase;
			buildActionMask = 2147483647;
			files = (
				3E91308E22DD7824004BB868 /* SDKStartJoinMeetingPresenter+AudioServiceDelegate.m in Sources */,
				3E9130FE22DD7866004BB868 /* ThumbView.m in Sources */,
				3E91309022DD7824004BB868 /* SDKStartJoinMeetingPresenter+ShareServiceDelegate.m in Sources */,
				3E91313D22DD8345004BB868 /* MainViewController.m in Sources */,
				3E91309822DD7824004BB868 /* SDKStartJoinMeetingPresenter+JoinMeetingOnly.m in Sources */,
				3E9130F122DD7866004BB868 /* CustomMeetingViewController.m in Sources */,
				3E91308A22DD7824004BB868 /* SDKMeetingSettingPresenter.m in Sources */,
				3E91309222DD7824004BB868 /* SDKVideoPresenter.m in Sources */,
				3E9130F022DD7866004BB868 /* HorizontalTableView.m in Sources */,
				3E91308F22DD7824004BB868 /* SDKStartJoinMeetingPresenter+CustomizedUIMeetingDelegate.m in Sources */,
				3E9130FB22DD7866004BB868 /* WallViewController.m in Sources */,
				3E9130F922DD7866004BB868 /* ThumbTableViewCell.m in Sources */,
				3E91308B22DD7824004BB868 /* SDKStartJoinMeetingPresenter+VideoServiceDelegate.m in Sources */,
				3E9130FC22DD7866004BB868 /* TopPanelView.m in Sources */,
				3E91308C22DD7824004BB868 /* SDKStartJoinMeetingPresenter+WebinarServiceDelegate.m in Sources */,
				3E91309722DD7824004BB868 /* SDKStartJoinMeetingPresenter+RestApiWithoutLoginUser.m in Sources */,
				3E91308822DD7824004BB868 /* SDKScheduleMeetingPresenter.m in Sources */,
				3E9130FA22DD7866004BB868 /* ShrinkViewController.m in Sources */,
				B3E7B58A1CC2AC0600A0062D /* RNMobileRTC.m in Sources */,
				3E91309A22DD7824004BB868 /* SDKAuthPresenter+Login.m in Sources */,
				3E91314422DD8769004BB868 /* AppDelegateRTC.m in Sources */,
				3E91308922DD7824004BB868 /* SDKAuthPresenter+PremeetingDelegate.m in Sources */,
				3E91309622DD7824004BB868 /* SDKStartJoinMeetingPresenter.m in Sources */,
				3E9130F622DD7866004BB868 /* CustomMeetingViewController+MeetingDelegate.m in Sources */,
				3E9130F722DD7866004BB868 /* BottomPanelView.m in Sources */,
				3E9130F822DD7866004BB868 /* LocalShareViewController.m in Sources */,
				3E9130FD22DD7866004BB868 /* AnnoFloatBarView.m in Sources */,
				3E91309122DD7824004BB868 /* SDKStartJoinMeetingPresenter+UserServiceDelegate.m in Sources */,
				3E9130F522DD7866004BB868 /* VideoViewController.m in Sources */,
				3E91309D22DD7824004BB868 /* SDKInitPresenter.m in Sources */,
				3E91309522DD7824004BB868 /* SDKAudioPresenter.m in Sources */,
				3E9130FF22DD7866004BB868 /* RemoteShareViewController.m in Sources */,
				3E9130F222DD7866004BB868 /* GalleryViewController.m in Sources */,
				3E9130F422DD7866004BB868 /* CustomRemoteControl.m in Sources */,
				3E91309422DD7824004BB868 /* SDKSharePresenter.m in Sources */,
				3E91309922DD7824004BB868 /* SDKStartJoinMeetingPresenter+LoginUser.m in Sources */,
				3E91314122DD8454004BB868 /* MainViewController+MeetingDelegate.m in Sources */,
				3E91308D22DD7824004BB868 /* SDKStartJoinMeetingPresenter+MeetingServiceDelegate.m in Sources */,
				3E91309322DD7824004BB868 /* SDKActionPresenter.m in Sources */,
				3E9130F322DD7866004BB868 /* ThumbWallViewCell.m in Sources */,
				3E91309B22DD7824004BB868 /* SDKAuthPresenter+AuthDelegate.m in Sources */,
				3E91309C22DD7824004BB868 /* SDKAuthPresenter.m in Sources */,
			);
			runOnlyForDeploymentPostprocessing = 0;
		};
/* End PBXSourcesBuildPhase section */

/* Begin XCBuildConfiguration section */
		58B511ED1A9E6C8500147676 /* Debug */ = {
			isa = XCBuildConfiguration;
			buildSettings = {
				ALWAYS_SEARCH_USER_PATHS = NO;
				CLANG_CXX_LANGUAGE_STANDARD = "gnu++0x";
				CLANG_CXX_LIBRARY = "libc++";
				CLANG_ENABLE_MODULES = YES;
				CLANG_ENABLE_OBJC_ARC = YES;
				CLANG_WARN_BOOL_CONVERSION = YES;
				CLANG_WARN_CONSTANT_CONVERSION = YES;
				CLANG_WARN_DIRECT_OBJC_ISA_USAGE = YES_ERROR;
				CLANG_WARN_EMPTY_BODY = YES;
				CLANG_WARN_ENUM_CONVERSION = YES;
				CLANG_WARN_INFINITE_RECURSION = YES;
				CLANG_WARN_INT_CONVERSION = YES;
				CLANG_WARN_OBJC_ROOT_CLASS = YES_ERROR;
				CLANG_WARN_SUSPICIOUS_MOVE = YES;
				CLANG_WARN_UNREACHABLE_CODE = YES;
				CLANG_WARN__DUPLICATE_METHOD_MATCH = YES;
				COPY_PHASE_STRIP = NO;
				ENABLE_STRICT_OBJC_MSGSEND = YES;
				ENABLE_TESTABILITY = YES;
				GCC_C_LANGUAGE_STANDARD = gnu99;
				GCC_DYNAMIC_NO_PIC = NO;
				GCC_NO_COMMON_BLOCKS = YES;
				GCC_OPTIMIZATION_LEVEL = 0;
				GCC_PREPROCESSOR_DEFINITIONS = (
					"DEBUG=1",
					"$(inherited)",
				);
				GCC_SYMBOLS_PRIVATE_EXTERN = NO;
				GCC_WARN_64_TO_32_BIT_CONVERSION = YES;
				GCC_WARN_ABOUT_RETURN_TYPE = YES_ERROR;
				GCC_WARN_UNDECLARED_SELECTOR = YES;
				GCC_WARN_UNINITIALIZED_AUTOS = YES;
				GCC_WARN_UNUSED_FUNCTION = YES;
				GCC_WARN_UNUSED_VARIABLE = YES;
				IPHONEOS_DEPLOYMENT_TARGET = 8.0;
				MTL_ENABLE_DEBUG_INFO = YES;
				ONLY_ACTIVE_ARCH = YES;
				SDKROOT = iphoneos;
			};
			name = Debug;
		};
		58B511EE1A9E6C8500147676 /* Release */ = {
			isa = XCBuildConfiguration;
			buildSettings = {
				ALWAYS_SEARCH_USER_PATHS = NO;
				CLANG_CXX_LANGUAGE_STANDARD = "gnu++0x";
				CLANG_CXX_LIBRARY = "libc++";
				CLANG_ENABLE_MODULES = YES;
				CLANG_ENABLE_OBJC_ARC = YES;
				CLANG_WARN_BOOL_CONVERSION = YES;
				CLANG_WARN_CONSTANT_CONVERSION = YES;
				CLANG_WARN_DIRECT_OBJC_ISA_USAGE = YES_ERROR;
				CLANG_WARN_EMPTY_BODY = YES;
				CLANG_WARN_ENUM_CONVERSION = YES;
				CLANG_WARN_INFINITE_RECURSION = YES;
				CLANG_WARN_INT_CONVERSION = YES;
				CLANG_WARN_OBJC_ROOT_CLASS = YES_ERROR;
				CLANG_WARN_SUSPICIOUS_MOVE = YES;
				CLANG_WARN_UNREACHABLE_CODE = YES;
				CLANG_WARN__DUPLICATE_METHOD_MATCH = YES;
				COPY_PHASE_STRIP = YES;
				ENABLE_NS_ASSERTIONS = NO;
				ENABLE_STRICT_OBJC_MSGSEND = YES;
				GCC_C_LANGUAGE_STANDARD = gnu99;
				GCC_NO_COMMON_BLOCKS = YES;
				GCC_WARN_64_TO_32_BIT_CONVERSION = YES;
				GCC_WARN_ABOUT_RETURN_TYPE = YES_ERROR;
				GCC_WARN_UNDECLARED_SELECTOR = YES;
				GCC_WARN_UNINITIALIZED_AUTOS = YES;
				GCC_WARN_UNUSED_FUNCTION = YES;
				GCC_WARN_UNUSED_VARIABLE = YES;
				IPHONEOS_DEPLOYMENT_TARGET = 8.0;
				MTL_ENABLE_DEBUG_INFO = NO;
				SDKROOT = iphoneos;
				VALIDATE_PRODUCT = YES;
			};
			name = Release;
		};
		58B511F01A9E6C8500147676 /* Debug */ = {
			isa = XCBuildConfiguration;
			buildSettings = {
				CLANG_ENABLE_OBJC_ARC = NO;
				FRAMEWORK_SEARCH_PATHS = (
					"$(SRCROOT)/../lib/**",
					"$(SRCROOT)/../../../ios/lib/**",
					"$(SRCROOT)/../../react-native/React/**",
					"$(SRCROOT)/../../../React/**",
					"$(SRCROOT)/../../../ios/Pods/**",
				);
				GCC_NO_COMMON_BLOCKS = YES;
				GCC_PREFIX_HEADER = "$(SRCROOT)/RNMobileRTC-Prefix.pch";
				HEADER_SEARCH_PATHS = (
					"$(inherited)",
					/Applications/Xcode.app/Contents/Developer/Toolchains/XcodeDefault.xctoolchain/usr/include,
					"$(SRCROOT)/../../../React",
					"$(SRCROOT)/../../react-native/React",
					"$(SRCROOT)/../../../ios/Pods",
					"$(SRCROOT)/../lib",
				);
				LIBRARY_SEARCH_PATHS = "$(inherited)";
				LINK_WITH_STANDARD_LIBRARIES = YES;
				OTHER_LDFLAGS = "-ObjC";
				PRODUCT_NAME = RNMobileRTC;
				SKIP_INSTALL = YES;
			};
			name = Debug;
		};
		58B511F11A9E6C8500147676 /* Release */ = {
			isa = XCBuildConfiguration;
			buildSettings = {
				CLANG_ENABLE_OBJC_ARC = NO;
				FRAMEWORK_SEARCH_PATHS = (
					"$(SRCROOT)/../lib/**",
					"$(SRCROOT)/../../../ios/lib/**",
					"$(SRCROOT)/../../react-native/React/**",
					"$(SRCROOT)/../../../React/**",
					"$(SRCROOT)/../../../ios/Pods/**",
				);
				GCC_NO_COMMON_BLOCKS = YES;
				GCC_PREFIX_HEADER = "$(SRCROOT)/RNMobileRTC-Prefix.pch";
				HEADER_SEARCH_PATHS = (
					"$(inherited)",
					/Applications/Xcode.app/Contents/Developer/Toolchains/XcodeDefault.xctoolchain/usr/include,
					"$(SRCROOT)/../../../React",
					"$(SRCROOT)/../../react-native/React",
					"$(SRCROOT)/../../../ios/Pods",
					"$(SRCROOT)/../lib",
				);
				LIBRARY_SEARCH_PATHS = "$(inherited)";
				LINK_WITH_STANDARD_LIBRARIES = YES;
				OTHER_LDFLAGS = "-ObjC";
				PRODUCT_NAME = RNMobileRTC;
				SKIP_INSTALL = YES;
			};
			name = Release;
		};
/* End XCBuildConfiguration section */

/* Begin XCConfigurationList section */
		58B511D61A9E6C8500147676 /* Build configuration list for PBXProject "RNMobileRTC" */ = {
			isa = XCConfigurationList;
			buildConfigurations = (
				58B511ED1A9E6C8500147676 /* Debug */,
				58B511EE1A9E6C8500147676 /* Release */,
			);
			defaultConfigurationIsVisible = 0;
			defaultConfigurationName = Release;
		};
		58B511EF1A9E6C8500147676 /* Build configuration list for PBXNativeTarget "RNMobileRTC" */ = {
			isa = XCConfigurationList;
			buildConfigurations = (
				58B511F01A9E6C8500147676 /* Debug */,
				58B511F11A9E6C8500147676 /* Release */,
			);
			defaultConfigurationIsVisible = 0;
			defaultConfigurationName = Release;
		};
/* End XCConfigurationList section */
	};
	rootObject = 58B511D31A9E6C8500147676 /* Project object */;
}
